// !$*UTF8*$!
{
	archiveVersion = 1;
	classes = {
	};
	objectVersion = 46;
	objects = {

/* Begin PBXBuildFile section */
		074B6346D676214D5D7E5546 /* libPods-ToolsClasses.a in Frameworks */ = {isa = PBXBuildFile; fileRef = 1EB1A75EB5593490B4174C03 /* libPods-ToolsClasses.a */; };
		833B22051D2EBA38009C8087 /* ViewController.m in Sources */ = {isa = PBXBuildFile; fileRef = 833B22041D2EBA38009C8087 /* ViewController.m */; };
		8340998E1D7835B3000FA95D /* CDHImageCell.m in Sources */ = {isa = PBXBuildFile; fileRef = 8340998A1D7835B3000FA95D /* CDHImageCell.m */; };
		8340998F1D7835B3000FA95D /* CDHImageCell.xib in Resources */ = {isa = PBXBuildFile; fileRef = 8340998B1D7835B3000FA95D /* CDHImageCell.xib */; };
		834099901D7835B3000FA95D /* CDHInfiniteScrollView.m in Sources */ = {isa = PBXBuildFile; fileRef = 8340998D1D7835B3000FA95D /* CDHInfiniteScrollView.m */; };
		834D61D91D2DFFA600E864E5 /* Main.storyboard in Resources */ = {isa = PBXBuildFile; fileRef = 834D61D71D2DFFA600E864E5 /* Main.storyboard */; };
		834D61DB1D2DFFA600E864E5 /* Assets.xcassets in Resources */ = {isa = PBXBuildFile; fileRef = 834D61DA1D2DFFA600E864E5 /* Assets.xcassets */; };
		834D61DE1D2DFFA600E864E5 /* LaunchScreen.storyboard in Resources */ = {isa = PBXBuildFile; fileRef = 834D61DC1D2DFFA600E864E5 /* LaunchScreen.storyboard */; };
		8364B4221D5EBE48004F4A1A /* UIImage+GetColor.m in Sources */ = {isa = PBXBuildFile; fileRef = 8364B4211D5EBE48004F4A1A /* UIImage+GetColor.m */; };
		8386D66E1D54DD6C00C7B98F /* AppDelegate.m in Sources */ = {isa = PBXBuildFile; fileRef = 8386D66C1D54DD6C00C7B98F /* AppDelegate.m */; };
		8386D66F1D54DD6C00C7B98F /* main.m in Sources */ = {isa = PBXBuildFile; fileRef = 8386D66D1D54DD6C00C7B98F /* main.m */; };
		839106721D369EC5008A093B /* UIView+CDHFrame.m in Sources */ = {isa = PBXBuildFile; fileRef = 839106711D369EC5008A093B /* UIView+CDHFrame.m */; };
		839106821D37B144008A093B /* UITextField+CDHPlaceholder.m in Sources */ = {isa = PBXBuildFile; fileRef = 839106811D37B144008A093B /* UITextField+CDHPlaceholder.m */; };
		83A53E8C1D477F84005FC1C2 /* UIImage+CDHCircleImage.m in Sources */ = {isa = PBXBuildFile; fileRef = 83A53E8B1D477F84005FC1C2 /* UIImage+CDHCircleImage.m */; };
		83AAC3541D36339800E5C890 /* CDHFileManager.m in Sources */ = {isa = PBXBuildFile; fileRef = 83AAC3531D36339800E5C890 /* CDHFileManager.m */; };
		83CBA0841D43B01500813E2F /* CDHHttpTool.m in Sources */ = {isa = PBXBuildFile; fileRef = 83CBA0831D43B01500813E2F /* CDHHttpTool.m */; };
		83CBA08B1D43B20400813E2F /* NSMutableURLRequest+CDHUpload.m in Sources */ = {isa = PBXBuildFile; fileRef = 83CBA08A1D43B20400813E2F /* NSMutableURLRequest+CDHUpload.m */; };
		8E6B371A1D350EFD00954539 /* NSArray+Log.m in Sources */ = {isa = PBXBuildFile; fileRef = 8E6B37041D350EFD00954539 /* NSArray+Log.m */; };
		8E6B371B1D350EFD00954539 /* NSDictionary+Log.m in Sources */ = {isa = PBXBuildFile; fileRef = 8E6B37061D350EFD00954539 /* NSDictionary+Log.m */; };
		8E6B371C1D350EFD00954539 /* NSString+CDHExtension.m in Sources */ = {isa = PBXBuildFile; fileRef = 8E6B37091D350EFD00954539 /* NSString+CDHExtension.m */; };
		8E6B371D1D350EFD00954539 /* UIBarButtonItem+CDHItem.m in Sources */ = {isa = PBXBuildFile; fileRef = 8E6B370C1D350EFD00954539 /* UIBarButtonItem+CDHItem.m */; };
		8E6B371E1D350EFD00954539 /* UIColor+Hex.m in Sources */ = {isa = PBXBuildFile; fileRef = 8E6B370F1D350EFD00954539 /* UIColor+Hex.m */; };
		8E6B371F1D350EFD00954539 /* UIImage+CDHResizingImage.m in Sources */ = {isa = PBXBuildFile; fileRef = 8E6B37121D350EFD00954539 /* UIImage+CDHResizingImage.m */; };
		8E6B37201D350EFD00954539 /* UIImage+Image.m in Sources */ = {isa = PBXBuildFile; fileRef = 8E6B37141D350EFD00954539 /* UIImage+Image.m */; };
		8E6B37211D350EFD00954539 /* UIImage+Render.m in Sources */ = {isa = PBXBuildFile; fileRef = 8E6B37161D350EFD00954539 /* UIImage+Render.m */; };
		8E6B372B1D350F0E00954539 /* EncryptionTools.m in Sources */ = {isa = PBXBuildFile; fileRef = 8E6B37261D350F0E00954539 /* EncryptionTools.m */; };
		8E6B372C1D350F0E00954539 /* NSString+Hash.m in Sources */ = {isa = PBXBuildFile; fileRef = 8E6B37281D350F0E00954539 /* NSString+Hash.m */; };
		8E6B372D1D350F0E00954539 /* RSACryptor.m in Sources */ = {isa = PBXBuildFile; fileRef = 8E6B372A1D350F0E00954539 /* RSACryptor.m */; };
/* End PBXBuildFile section */

/* Begin PBXFileReference section */
		164873D83F48200BA0C0E20F /* Pods-ToolsClasses.release.xcconfig */ = {isa = PBXFileReference; includeInIndex = 1; lastKnownFileType = text.xcconfig; name = "Pods-ToolsClasses.release.xcconfig"; path = "Pods/Target Support Files/Pods-ToolsClasses/Pods-ToolsClasses.release.xcconfig"; sourceTree = "<group>"; };
		1EB1A75EB5593490B4174C03 /* libPods-ToolsClasses.a */ = {isa = PBXFileReference; explicitFileType = archive.ar; includeInIndex = 0; path = "libPods-ToolsClasses.a"; sourceTree = BUILT_PRODUCTS_DIR; };
		833B22031D2EBA38009C8087 /* ViewController.h */ = {isa = PBXFileReference; fileEncoding = 4; lastKnownFileType = sourcecode.c.h; path = ViewController.h; sourceTree = "<group>"; };
		833B22041D2EBA38009C8087 /* ViewController.m */ = {isa = PBXFileReference; fileEncoding = 4; lastKnownFileType = sourcecode.c.objc; path = ViewController.m; sourceTree = "<group>"; };
		834099891D7835B3000FA95D /* CDHImageCell.h */ = {isa = PBXFileReference; fileEncoding = 4; lastKnownFileType = sourcecode.c.h; path = CDHImageCell.h; sourceTree = "<group>"; };
		8340998A1D7835B3000FA95D /* CDHImageCell.m */ = {isa = PBXFileReference; fileEncoding = 4; lastKnownFileType = sourcecode.c.objc; path = CDHImageCell.m; sourceTree = "<group>"; };
		8340998B1D7835B3000FA95D /* CDHImageCell.xib */ = {isa = PBXFileReference; fileEncoding = 4; lastKnownFileType = file.xib; path = CDHImageCell.xib; sourceTree = "<group>"; };
		8340998C1D7835B3000FA95D /* CDHInfiniteScrollView.h */ = {isa = PBXFileReference; fileEncoding = 4; lastKnownFileType = sourcecode.c.h; path = CDHInfiniteScrollView.h; sourceTree = "<group>"; };
		8340998D1D7835B3000FA95D /* CDHInfiniteScrollView.m */ = {isa = PBXFileReference; fileEncoding = 4; lastKnownFileType = sourcecode.c.objc; path = CDHInfiniteScrollView.m; sourceTree = "<group>"; };
		834D61CB1D2DFFA500E864E5 /* ToolsClasses.app */ = {isa = PBXFileReference; explicitFileType = wrapper.application; includeInIndex = 0; path = ToolsClasses.app; sourceTree = BUILT_PRODUCTS_DIR; };
		834D61D81D2DFFA600E864E5 /* Base */ = {isa = PBXFileReference; lastKnownFileType = file.storyboard; name = Base; path = Base.lproj/Main.storyboard; sourceTree = "<group>"; };
		834D61DA1D2DFFA600E864E5 /* Assets.xcassets */ = {isa = PBXFileReference; lastKnownFileType = folder.assetcatalog; path = Assets.xcassets; sourceTree = "<group>"; };
		834D61DD1D2DFFA600E864E5 /* Base */ = {isa = PBXFileReference; lastKnownFileType = file.storyboard; name = Base; path = Base.lproj/LaunchScreen.storyboard; sourceTree = "<group>"; };
		834D61DF1D2DFFA600E864E5 /* Info.plist */ = {isa = PBXFileReference; lastKnownFileType = text.plist.xml; path = Info.plist; sourceTree = "<group>"; };
		8364B4201D5EBE48004F4A1A /* UIImage+GetColor.h */ = {isa = PBXFileReference; fileEncoding = 4; lastKnownFileType = sourcecode.c.h; path = "UIImage+GetColor.h"; sourceTree = "<group>"; };
		8364B4211D5EBE48004F4A1A /* UIImage+GetColor.m */ = {isa = PBXFileReference; fileEncoding = 4; lastKnownFileType = sourcecode.c.objc; path = "UIImage+GetColor.m"; sourceTree = "<group>"; };
		8386D66B1D54DD6C00C7B98F /* AppDelegate.h */ = {isa = PBXFileReference; fileEncoding = 4; lastKnownFileType = sourcecode.c.h; path = AppDelegate.h; sourceTree = "<group>"; };
		8386D66C1D54DD6C00C7B98F /* AppDelegate.m */ = {isa = PBXFileReference; fileEncoding = 4; lastKnownFileType = sourcecode.c.objc; path = AppDelegate.m; sourceTree = "<group>"; };
		8386D66D1D54DD6C00C7B98F /* main.m */ = {isa = PBXFileReference; fileEncoding = 4; lastKnownFileType = sourcecode.c.objc; path = main.m; sourceTree = "<group>"; };
		839106701D369EC5008A093B /* UIView+CDHFrame.h */ = {isa = PBXFileReference; fileEncoding = 4; lastKnownFileType = sourcecode.c.h; path = "UIView+CDHFrame.h"; sourceTree = "<group>"; };
		839106711D369EC5008A093B /* UIView+CDHFrame.m */ = {isa = PBXFileReference; fileEncoding = 4; lastKnownFileType = sourcecode.c.objc; path = "UIView+CDHFrame.m"; sourceTree = "<group>"; };
		839106801D37B144008A093B /* UITextField+CDHPlaceholder.h */ = {isa = PBXFileReference; fileEncoding = 4; lastKnownFileType = sourcecode.c.h; path = "UITextField+CDHPlaceholder.h"; sourceTree = "<group>"; };
		839106811D37B144008A093B /* UITextField+CDHPlaceholder.m */ = {isa = PBXFileReference; fileEncoding = 4; lastKnownFileType = sourcecode.c.objc; path = "UITextField+CDHPlaceholder.m"; sourceTree = "<group>"; };
		83A53E8A1D477F84005FC1C2 /* UIImage+CDHCircleImage.h */ = {isa = PBXFileReference; fileEncoding = 4; lastKnownFileType = sourcecode.c.h; path = "UIImage+CDHCircleImage.h"; sourceTree = "<group>"; };
		83A53E8B1D477F84005FC1C2 /* UIImage+CDHCircleImage.m */ = {isa = PBXFileReference; fileEncoding = 4; lastKnownFileType = sourcecode.c.objc; path = "UIImage+CDHCircleImage.m"; sourceTree = "<group>"; };
		83AAC3521D36339800E5C890 /* CDHFileManager.h */ = {isa = PBXFileReference; fileEncoding = 4; lastKnownFileType = sourcecode.c.h; path = CDHFileManager.h; sourceTree = "<group>"; };
		83AAC3531D36339800E5C890 /* CDHFileManager.m */ = {isa = PBXFileReference; fileEncoding = 4; lastKnownFileType = sourcecode.c.objc; path = CDHFileManager.m; sourceTree = "<group>"; };
		83CBA0821D43B01500813E2F /* CDHHttpTool.h */ = {isa = PBXFileReference; fileEncoding = 4; lastKnownFileType = sourcecode.c.h; path = CDHHttpTool.h; sourceTree = "<group>"; };
		83CBA0831D43B01500813E2F /* CDHHttpTool.m */ = {isa = PBXFileReference; fileEncoding = 4; lastKnownFileType = sourcecode.c.objc; path = CDHHttpTool.m; sourceTree = "<group>"; };
		83CBA0891D43B20400813E2F /* NSMutableURLRequest+CDHUpload.h */ = {isa = PBXFileReference; fileEncoding = 4; lastKnownFileType = sourcecode.c.h; path = "NSMutableURLRequest+CDHUpload.h"; sourceTree = "<group>"; };
		83CBA08A1D43B20400813E2F /* NSMutableURLRequest+CDHUpload.m */ = {isa = PBXFileReference; fileEncoding = 4; lastKnownFileType = sourcecode.c.objc; path = "NSMutableURLRequest+CDHUpload.m"; sourceTree = "<group>"; };
		8E6B37041D350EFD00954539 /* NSArray+Log.m */ = {isa = PBXFileReference; fileEncoding = 4; lastKnownFileType = sourcecode.c.objc; path = "NSArray+Log.m"; sourceTree = "<group>"; };
		8E6B37061D350EFD00954539 /* NSDictionary+Log.m */ = {isa = PBXFileReference; fileEncoding = 4; lastKnownFileType = sourcecode.c.objc; path = "NSDictionary+Log.m"; sourceTree = "<group>"; };
		8E6B37081D350EFD00954539 /* NSString+CDHExtension.h */ = {isa = PBXFileReference; fileEncoding = 4; lastKnownFileType = sourcecode.c.h; path = "NSString+CDHExtension.h"; sourceTree = "<group>"; };
		8E6B37091D350EFD00954539 /* NSString+CDHExtension.m */ = {isa = PBXFileReference; fileEncoding = 4; lastKnownFileType = sourcecode.c.objc; path = "NSString+CDHExtension.m"; sourceTree = "<group>"; };
		8E6B370B1D350EFD00954539 /* UIBarButtonItem+CDHItem.h */ = {isa = PBXFileReference; fileEncoding = 4; lastKnownFileType = sourcecode.c.h; path = "UIBarButtonItem+CDHItem.h"; sourceTree = "<group>"; };
		8E6B370C1D350EFD00954539 /* UIBarButtonItem+CDHItem.m */ = {isa = PBXFileReference; fileEncoding = 4; lastKnownFileType = sourcecode.c.objc; path = "UIBarButtonItem+CDHItem.m"; sourceTree = "<group>"; };
		8E6B370E1D350EFD00954539 /* UIColor+Hex.h */ = {isa = PBXFileReference; fileEncoding = 4; lastKnownFileType = sourcecode.c.h; path = "UIColor+Hex.h"; sourceTree = "<group>"; };
		8E6B370F1D350EFD00954539 /* UIColor+Hex.m */ = {isa = PBXFileReference; fileEncoding = 4; lastKnownFileType = sourcecode.c.objc; path = "UIColor+Hex.m"; sourceTree = "<group>"; };
		8E6B37111D350EFD00954539 /* UIImage+CDHResizingImage.h */ = {isa = PBXFileReference; fileEncoding = 4; lastKnownFileType = sourcecode.c.h; path = "UIImage+CDHResizingImage.h"; sourceTree = "<group>"; };
		8E6B37121D350EFD00954539 /* UIImage+CDHResizingImage.m */ = {isa = PBXFileReference; fileEncoding = 4; lastKnownFileType = sourcecode.c.objc; path = "UIImage+CDHResizingImage.m"; sourceTree = "<group>"; };
		8E6B37131D350EFD00954539 /* UIImage+Image.h */ = {isa = PBXFileReference; fileEncoding = 4; lastKnownFileType = sourcecode.c.h; path = "UIImage+Image.h"; sourceTree = "<group>"; };
		8E6B37141D350EFD00954539 /* UIImage+Image.m */ = {isa = PBXFileReference; fileEncoding = 4; lastKnownFileType = sourcecode.c.objc; path = "UIImage+Image.m"; sourceTree = "<group>"; };
		8E6B37151D350EFD00954539 /* UIImage+Render.h */ = {isa = PBXFileReference; fileEncoding = 4; lastKnownFileType = sourcecode.c.h; path = "UIImage+Render.h"; sourceTree = "<group>"; };
		8E6B37161D350EFD00954539 /* UIImage+Render.m */ = {isa = PBXFileReference; fileEncoding = 4; lastKnownFileType = sourcecode.c.objc; path = "UIImage+Render.m"; sourceTree = "<group>"; };
		8E6B37251D350F0E00954539 /* EncryptionTools.h */ = {isa = PBXFileReference; fileEncoding = 4; lastKnownFileType = sourcecode.c.h; path = EncryptionTools.h; sourceTree = "<group>"; };
		8E6B37261D350F0E00954539 /* EncryptionTools.m */ = {isa = PBXFileReference; fileEncoding = 4; lastKnownFileType = sourcecode.c.objc; path = EncryptionTools.m; sourceTree = "<group>"; };
		8E6B37271D350F0E00954539 /* NSString+Hash.h */ = {isa = PBXFileReference; fileEncoding = 4; lastKnownFileType = sourcecode.c.h; path = "NSString+Hash.h"; sourceTree = "<group>"; };
		8E6B37281D350F0E00954539 /* NSString+Hash.m */ = {isa = PBXFileReference; fileEncoding = 4; lastKnownFileType = sourcecode.c.objc; path = "NSString+Hash.m"; sourceTree = "<group>"; };
		8E6B37291D350F0E00954539 /* RSACryptor.h */ = {isa = PBXFileReference; fileEncoding = 4; lastKnownFileType = sourcecode.c.h; path = RSACryptor.h; sourceTree = "<group>"; };
		8E6B372A1D350F0E00954539 /* RSACryptor.m */ = {isa = PBXFileReference; fileEncoding = 4; lastKnownFileType = sourcecode.c.objc; path = RSACryptor.m; sourceTree = "<group>"; };
		969CC9B9BFE2A497C62AE21D /* Pods-ToolsClasses.debug.xcconfig */ = {isa = PBXFileReference; includeInIndex = 1; lastKnownFileType = text.xcconfig; name = "Pods-ToolsClasses.debug.xcconfig"; path = "Pods/Target Support Files/Pods-ToolsClasses/Pods-ToolsClasses.debug.xcconfig"; sourceTree = "<group>"; };
/* End PBXFileReference section */

/* Begin PBXFrameworksBuildPhase section */
		834D61C81D2DFFA500E864E5 /* Frameworks */ = {
			isa = PBXFrameworksBuildPhase;
			buildActionMask = 2147483647;
			files = (
				074B6346D676214D5D7E5546 /* libPods-ToolsClasses.a in Frameworks */,
			);
			runOnlyForDeploymentPostprocessing = 0;
		};
/* End PBXFrameworksBuildPhase section */

/* Begin PBXGroup section */
		289635A4D8880749B39DFC5F /* Pods */ = {
			isa = PBXGroup;
			children = (
				969CC9B9BFE2A497C62AE21D /* Pods-ToolsClasses.debug.xcconfig */,
				164873D83F48200BA0C0E20F /* Pods-ToolsClasses.release.xcconfig */,
			);
			name = Pods;
			sourceTree = "<group>";
		};
		424BF5549CF9BB5874ABCEEC /* Frameworks */ = {
			isa = PBXGroup;
			children = (
				1EB1A75EB5593490B4174C03 /* libPods-ToolsClasses.a */,
			);
			name = Frameworks;
			sourceTree = "<group>";
		};
		833B215F1D2E9AA7009C8087 /* Classes */ = {
			isa = PBXGroup;
			children = (
				834099881D7835B3000FA95D /* CDHInfiniteScrollView(无限轮播) */,
				83AAC3501D36339800E5C890 /* Tools */,
				8E6B37241D350F0E00954539 /* 加密 */,
				8E6B37021D350EFD00954539 /* Category */,
				833B22021D2EBA1C009C8087 /* Main */,
				833B21671D2E9AA7009C8087 /* Others */,
			);
			path = Classes;
			sourceTree = "<group>";
		};
		833B21671D2E9AA7009C8087 /* Others */ = {
			isa = PBXGroup;
			children = (
			);
			path = Others;
			sourceTree = "<group>";
		};
		833B22021D2EBA1C009C8087 /* Main */ = {
			isa = PBXGroup;
			children = (
				833B22031D2EBA38009C8087 /* ViewController.h */,
				833B22041D2EBA38009C8087 /* ViewController.m */,
			);
			path = Main;
			sourceTree = "<group>";
		};
		834099881D7835B3000FA95D /* CDHInfiniteScrollView(无限轮播) */ = {
			isa = PBXGroup;
			children = (
				834099891D7835B3000FA95D /* CDHImageCell.h */,
				8340998A1D7835B3000FA95D /* CDHImageCell.m */,
				8340998B1D7835B3000FA95D /* CDHImageCell.xib */,
				8340998C1D7835B3000FA95D /* CDHInfiniteScrollView.h */,
				8340998D1D7835B3000FA95D /* CDHInfiniteScrollView.m */,
			);
			name = "CDHInfiniteScrollView(无限轮播)";
			path = CDHInfiniteScrollView;
			sourceTree = "<group>";
		};
		834D61C21D2DFFA500E864E5 = {
			isa = PBXGroup;
			children = (
				834D61CD1D2DFFA500E864E5 /* ToolsClasses */,
				834D61CC1D2DFFA500E864E5 /* Products */,
				289635A4D8880749B39DFC5F /* Pods */,
				424BF5549CF9BB5874ABCEEC /* Frameworks */,
			);
			sourceTree = "<group>";
		};
		834D61CC1D2DFFA500E864E5 /* Products */ = {
			isa = PBXGroup;
			children = (
				834D61CB1D2DFFA500E864E5 /* ToolsClasses.app */,
			);
			name = Products;
			sourceTree = "<group>";
		};
		834D61CD1D2DFFA500E864E5 /* ToolsClasses */ = {
			isa = PBXGroup;
			children = (
				8386D66B1D54DD6C00C7B98F /* AppDelegate.h */,
				8386D66C1D54DD6C00C7B98F /* AppDelegate.m */,
				833B215F1D2E9AA7009C8087 /* Classes */,
				834D61D71D2DFFA600E864E5 /* Main.storyboard */,
				834D61DA1D2DFFA600E864E5 /* Assets.xcassets */,
				834D61DC1D2DFFA600E864E5 /* LaunchScreen.storyboard */,
				834D61DF1D2DFFA600E864E5 /* Info.plist */,
				8386D66D1D54DD6C00C7B98F /* main.m */,
				834D61CE1D2DFFA500E864E5 /* Supporting Files */,
			);
			path = ToolsClasses;
			sourceTree = "<group>";
		};
		834D61CE1D2DFFA500E864E5 /* Supporting Files */ = {
			isa = PBXGroup;
			children = (
			);
			name = "Supporting Files";
			sourceTree = "<group>";
		};
		8391067F1D37B144008A093B /* UITestField */ = {
			isa = PBXGroup;
			children = (
				839106801D37B144008A093B /* UITextField+CDHPlaceholder.h */,
				839106811D37B144008A093B /* UITextField+CDHPlaceholder.m */,
			);
			path = UITestField;
			sourceTree = "<group>";
		};
		83AAC3501D36339800E5C890 /* Tools */ = {
			isa = PBXGroup;
			children = (
				83CBA07E1D43AFD400813E2F /* Http */,
				83AAC3511D36339800E5C890 /* File */,
			);
			path = Tools;
			sourceTree = "<group>";
		};
		83AAC3511D36339800E5C890 /* File */ = {
			isa = PBXGroup;
			children = (
				83AAC3521D36339800E5C890 /* CDHFileManager.h */,
				83AAC3531D36339800E5C890 /* CDHFileManager.m */,
			);
			path = File;
			sourceTree = "<group>";
		};
		83CBA07E1D43AFD400813E2F /* Http */ = {
			isa = PBXGroup;
			children = (
				83CBA0821D43B01500813E2F /* CDHHttpTool.h */,
				83CBA0831D43B01500813E2F /* CDHHttpTool.m */,
			);
			path = Http;
			sourceTree = "<group>";
		};
		83CBA0851D43B1A700813E2F /* NSMutableURLRequest */ = {
			isa = PBXGroup;
			children = (
				83CBA0891D43B20400813E2F /* NSMutableURLRequest+CDHUpload.h */,
				83CBA08A1D43B20400813E2F /* NSMutableURLRequest+CDHUpload.m */,
			);
			path = NSMutableURLRequest;
			sourceTree = "<group>";
		};
		8E6B37021D350EFD00954539 /* Category */ = {
			isa = PBXGroup;
			children = (
				83CBA0851D43B1A700813E2F /* NSMutableURLRequest */,
				8391067F1D37B144008A093B /* UITestField */,
				8E6B37031D350EFD00954539 /* NSArray */,
				8E6B37051D350EFD00954539 /* NSDictionary */,
				8E6B37071D350EFD00954539 /* NSString */,
				8E6B370A1D350EFD00954539 /* UIBarButtonItem */,
				8E6B370D1D350EFD00954539 /* UIColor */,
				8E6B37101D350EFD00954539 /* UIImage */,
				8E6B37171D350EFD00954539 /* UIView */,
			);
			path = Category;
			sourceTree = "<group>";
		};
		8E6B37031D350EFD00954539 /* NSArray */ = {
			isa = PBXGroup;
			children = (
				8E6B37041D350EFD00954539 /* NSArray+Log.m */,
			);
			path = NSArray;
			sourceTree = "<group>";
		};
		8E6B37051D350EFD00954539 /* NSDictionary */ = {
			isa = PBXGroup;
			children = (
				8E6B37061D350EFD00954539 /* NSDictionary+Log.m */,
			);
			path = NSDictionary;
			sourceTree = "<group>";
		};
		8E6B37071D350EFD00954539 /* NSString */ = {
			isa = PBXGroup;
			children = (
				8E6B37081D350EFD00954539 /* NSString+CDHExtension.h */,
				8E6B37091D350EFD00954539 /* NSString+CDHExtension.m */,
			);
			path = NSString;
			sourceTree = "<group>";
		};
		8E6B370A1D350EFD00954539 /* UIBarButtonItem */ = {
			isa = PBXGroup;
			children = (
				8E6B370B1D350EFD00954539 /* UIBarButtonItem+CDHItem.h */,
				8E6B370C1D350EFD00954539 /* UIBarButtonItem+CDHItem.m */,
			);
			path = UIBarButtonItem;
			sourceTree = "<group>";
		};
		8E6B370D1D350EFD00954539 /* UIColor */ = {
			isa = PBXGroup;
			children = (
				8E6B370E1D350EFD00954539 /* UIColor+Hex.h */,
				8E6B370F1D350EFD00954539 /* UIColor+Hex.m */,
			);
			path = UIColor;
			sourceTree = "<group>";
		};
		8E6B37101D350EFD00954539 /* UIImage */ = {
			isa = PBXGroup;
			children = (
				8364B4201D5EBE48004F4A1A /* UIImage+GetColor.h */,
				8364B4211D5EBE48004F4A1A /* UIImage+GetColor.m */,
				8E6B37111D350EFD00954539 /* UIImage+CDHResizingImage.h */,
				8E6B37121D350EFD00954539 /* UIImage+CDHResizingImage.m */,
				8E6B37131D350EFD00954539 /* UIImage+Image.h */,
				8E6B37141D350EFD00954539 /* UIImage+Image.m */,
				8E6B37151D350EFD00954539 /* UIImage+Render.h */,
				8E6B37161D350EFD00954539 /* UIImage+Render.m */,
				83A53E8A1D477F84005FC1C2 /* UIImage+CDHCircleImage.h */,
				83A53E8B1D477F84005FC1C2 /* UIImage+CDHCircleImage.m */,
			);
			path = UIImage;
			sourceTree = "<group>";
		};
		8E6B37171D350EFD00954539 /* UIView */ = {
			isa = PBXGroup;
			children = (
				839106701D369EC5008A093B /* UIView+CDHFrame.h */,
				839106711D369EC5008A093B /* UIView+CDHFrame.m */,
			);
			path = UIView;
			sourceTree = "<group>";
		};
		8E6B37241D350F0E00954539 /* 加密 */ = {
			isa = PBXGroup;
			children = (
				8E6B37251D350F0E00954539 /* EncryptionTools.h */,
				8E6B37261D350F0E00954539 /* EncryptionTools.m */,
				8E6B37271D350F0E00954539 /* NSString+Hash.h */,
				8E6B37281D350F0E00954539 /* NSString+Hash.m */,
				8E6B37291D350F0E00954539 /* RSACryptor.h */,
				8E6B372A1D350F0E00954539 /* RSACryptor.m */,
			);
			path = "加密";
			sourceTree = "<group>";
		};
/* End PBXGroup section */

/* Begin PBXNativeTarget section */
		834D61CA1D2DFFA500E864E5 /* ToolsClasses */ = {
			isa = PBXNativeTarget;
			buildConfigurationList = 834D61E21D2DFFA600E864E5 /* Build configuration list for PBXNativeTarget "ToolsClasses" */;
			buildPhases = (
				544F2C42E6EB935CC6B5CF90 /* [CP] Check Pods Manifest.lock */,
				834D61C71D2DFFA500E864E5 /* Sources */,
				834D61C81D2DFFA500E864E5 /* Frameworks */,
				834D61C91D2DFFA500E864E5 /* Resources */,
				3B46FDC32585853708E99044 /* [CP] Embed Pods Frameworks */,
				359009177CA64EB2E9BEDFC7 /* [CP] Copy Pods Resources */,
			);
			buildRules = (
			);
			dependencies = (
			);
			name = ToolsClasses;
			productName = ToolsClasses;
			productReference = 834D61CB1D2DFFA500E864E5 /* ToolsClasses.app */;
			productType = "com.apple.product-type.application";
		};
/* End PBXNativeTarget section */

/* Begin PBXProject section */
		834D61C31D2DFFA500E864E5 /* Project object */ = {
			isa = PBXProject;
			attributes = {
				LastUpgradeCheck = 0730;
				ORGANIZATIONNAME = "陈德豪";
				TargetAttributes = {
					834D61CA1D2DFFA500E864E5 = {
						CreatedOnToolsVersion = 7.3;
					};
				};
			};
			buildConfigurationList = 834D61C61D2DFFA500E864E5 /* Build configuration list for PBXProject "ToolsClasses" */;
			compatibilityVersion = "Xcode 3.2";
			developmentRegion = English;
			hasScannedForEncodings = 0;
			knownRegions = (
				en,
				Base,
			);
			mainGroup = 834D61C21D2DFFA500E864E5;
			productRefGroup = 834D61CC1D2DFFA500E864E5 /* Products */;
			projectDirPath = "";
			projectRoot = "";
			targets = (
				834D61CA1D2DFFA500E864E5 /* ToolsClasses */,
			);
		};
/* End PBXProject section */

/* Begin PBXResourcesBuildPhase section */
		834D61C91D2DFFA500E864E5 /* Resources */ = {
			isa = PBXResourcesBuildPhase;
			buildActionMask = 2147483647;
			files = (
				834D61DE1D2DFFA600E864E5 /* LaunchScreen.storyboard in Resources */,
				834D61DB1D2DFFA600E864E5 /* Assets.xcassets in Resources */,
				834D61D91D2DFFA600E864E5 /* Main.storyboard in Resources */,
				8340998F1D7835B3000FA95D /* CDHImageCell.xib in Resources */,
			);
			runOnlyForDeploymentPostprocessing = 0;
		};
/* End PBXResourcesBuildPhase section */

/* Begin PBXShellScriptBuildPhase section */
		359009177CA64EB2E9BEDFC7 /* [CP] Copy Pods Resources */ = {
			isa = PBXShellScriptBuildPhase;
			buildActionMask = 2147483647;
			files = (
			);
			inputPaths = (
			);
			name = "[CP] Copy Pods Resources";
			outputPaths = (
			);
			runOnlyForDeploymentPostprocessing = 0;
			shellPath = /bin/sh;
			shellScript = "\"${SRCROOT}/Pods/Target Support Files/Pods-ToolsClasses/Pods-ToolsClasses-resources.sh\"\n";
			showEnvVarsInLog = 0;
		};
		3B46FDC32585853708E99044 /* [CP] Embed Pods Frameworks */ = {
			isa = PBXShellScriptBuildPhase;
			buildActionMask = 2147483647;
			files = (
			);
			inputPaths = (
			);
			name = "[CP] Embed Pods Frameworks";
			outputPaths = (
			);
			runOnlyForDeploymentPostprocessing = 0;
			shellPath = /bin/sh;
			shellScript = "\"${SRCROOT}/Pods/Target Support Files/Pods-ToolsClasses/Pods-ToolsClasses-frameworks.sh\"\n";
			showEnvVarsInLog = 0;
		};
		544F2C42E6EB935CC6B5CF90 /* [CP] Check Pods Manifest.lock */ = {
			isa = PBXShellScriptBuildPhase;
			buildActionMask = 2147483647;
			files = (
			);
			inputPaths = (
			);
			name = "[CP] Check Pods Manifest.lock";
			outputPaths = (
			);
			runOnlyForDeploymentPostprocessing = 0;
			shellPath = /bin/sh;
			shellScript = "diff \"${PODS_ROOT}/../Podfile.lock\" \"${PODS_ROOT}/Manifest.lock\" > /dev/null\nif [[ $? != 0 ]] ; then\n    cat << EOM\nerror: The sandbox is not in sync with the Podfile.lock. Run 'pod install' or update your CocoaPods installation.\nEOM\n    exit 1\nfi\n";
			showEnvVarsInLog = 0;
		};
/* End PBXShellScriptBuildPhase section */

/* Begin PBXSourcesBuildPhase section */
		834D61C71D2DFFA500E864E5 /* Sources */ = {
			isa = PBXSourcesBuildPhase;
			buildActionMask = 2147483647;
			files = (
				839106821D37B144008A093B /* UITextField+CDHPlaceholder.m in Sources */,
				8E6B372B1D350F0E00954539 /* EncryptionTools.m in Sources */,
				8E6B37201D350EFD00954539 /* UIImage+Image.m in Sources */,
				8364B4221D5EBE48004F4A1A /* UIImage+GetColor.m in Sources */,
				8E6B371A1D350EFD00954539 /* NSArray+Log.m in Sources */,
				83AAC3541D36339800E5C890 /* CDHFileManager.m in Sources */,
				8E6B371D1D350EFD00954539 /* UIBarButtonItem+CDHItem.m in Sources */,
				8E6B372D1D350F0E00954539 /* RSACryptor.m in Sources */,
				83CBA08B1D43B20400813E2F /* NSMutableURLRequest+CDHUpload.m in Sources */,
				834099901D7835B3000FA95D /* CDHInfiniteScrollView.m in Sources */,
				833B22051D2EBA38009C8087 /* ViewController.m in Sources */,
				8E6B372C1D350F0E00954539 /* NSString+Hash.m in Sources */,
				8E6B371F1D350EFD00954539 /* UIImage+CDHResizingImage.m in Sources */,
				839106721D369EC5008A093B /* UIView+CDHFrame.m in Sources */,
				8E6B371B1D350EFD00954539 /* NSDictionary+Log.m in Sources */,
				8E6B371E1D350EFD00954539 /* UIColor+Hex.m in Sources */,
				83A53E8C1D477F84005FC1C2 /* UIImage+CDHCircleImage.m in Sources */,
				8E6B37211D350EFD00954539 /* UIImage+Render.m in Sources */,
				83CBA0841D43B01500813E2F /* CDHHttpTool.m in Sources */,
				8E6B371C1D350EFD00954539 /* NSString+CDHExtension.m in Sources */,
				8340998E1D7835B3000FA95D /* CDHImageCell.m in Sources */,
				8386D66F1D54DD6C00C7B98F /* main.m in Sources */,
				8386D66E1D54DD6C00C7B98F /* AppDelegate.m in Sources */,
			);
			runOnlyForDeploymentPostprocessing = 0;
		};
/* End PBXSourcesBuildPhase section */

/* Begin PBXVariantGroup section */
		834D61D71D2DFFA600E864E5 /* Main.storyboard */ = {
			isa = PBXVariantGroup;
			children = (
				834D61D81D2DFFA600E864E5 /* Base */,
			);
			name = Main.storyboard;
			sourceTree = "<group>";
		};
		834D61DC1D2DFFA600E864E5 /* LaunchScreen.storyboard */ = {
			isa = PBXVariantGroup;
			children = (
				834D61DD1D2DFFA600E864E5 /* Base */,
			);
			name = LaunchScreen.storyboard;
			sourceTree = "<group>";
		};
/* End PBXVariantGroup section */

/* Begin XCBuildConfiguration section */
		834D61E01D2DFFA600E864E5 /* Debug */ = {
			isa = XCBuildConfiguration;
			buildSettings = {
				ALWAYS_SEARCH_USER_PATHS = NO;
				CLANG_ANALYZER_NONNULL = YES;
				CLANG_CXX_LANGUAGE_STANDARD = "gnu++0x";
				CLANG_CXX_LIBRARY = "libc++";
				CLANG_ENABLE_MODULES = YES;
				CLANG_ENABLE_OBJC_ARC = YES;
				CLANG_WARN_BOOL_CONVERSION = YES;
				CLANG_WARN_CONSTANT_CONVERSION = YES;
				CLANG_WARN_DIRECT_OBJC_ISA_USAGE = YES_ERROR;
				CLANG_WARN_EMPTY_BODY = YES;
				CLANG_WARN_ENUM_CONVERSION = YES;
				CLANG_WARN_INT_CONVERSION = YES;
				CLANG_WARN_OBJC_ROOT_CLASS = YES_ERROR;
				CLANG_WARN_UNREACHABLE_CODE = YES;
				CLANG_WARN__DUPLICATE_METHOD_MATCH = YES;
				"CODE_SIGN_IDENTITY[sdk=iphoneos*]" = "iPhone Developer";
				COPY_PHASE_STRIP = NO;
				DEBUG_INFORMATION_FORMAT = dwarf;
				ENABLE_STRICT_OBJC_MSGSEND = YES;
				ENABLE_TESTABILITY = YES;
				GCC_C_LANGUAGE_STANDARD = gnu99;
				GCC_DYNAMIC_NO_PIC = NO;
				GCC_NO_COMMON_BLOCKS = YES;
				GCC_OPTIMIZATION_LEVEL = 0;
				GCC_PREPROCESSOR_DEFINITIONS = (
					"DEBUG=1",
					"$(inherited)",
				);
				GCC_WARN_64_TO_32_BIT_CONVERSION = YES;
				GCC_WARN_ABOUT_RETURN_TYPE = YES_ERROR;
				GCC_WARN_UNDECLARED_SELECTOR = YES;
				GCC_WARN_UNINITIALIZED_AUTOS = YES_AGGRESSIVE;
				GCC_WARN_UNUSED_FUNCTION = YES;
				GCC_WARN_UNUSED_VARIABLE = YES;
				IPHONEOS_DEPLOYMENT_TARGET = 9.3;
				MTL_ENABLE_DEBUG_INFO = YES;
				ONLY_ACTIVE_ARCH = YES;
				SDKROOT = iphoneos;
				TARGETED_DEVICE_FAMILY = "1,2";
			};
			name = Debug;
		};
		834D61E11D2DFFA600E864E5 /* Release */ = {
			isa = XCBuildConfiguration;
			buildSettings = {
				ALWAYS_SEARCH_USER_PATHS = NO;
				CLANG_ANALYZER_NONNULL = YES;
				CLANG_CXX_LANGUAGE_STANDARD = "gnu++0x";
				CLANG_CXX_LIBRARY = "libc++";
				CLANG_ENABLE_MODULES = YES;
				CLANG_ENABLE_OBJC_ARC = YES;
				CLANG_WARN_BOOL_CONVERSION = YES;
				CLANG_WARN_CONSTANT_CONVERSION = YES;
				CLANG_WARN_DIRECT_OBJC_ISA_USAGE = YES_ERROR;
				CLANG_WARN_EMPTY_BODY = YES;
				CLANG_WARN_ENUM_CONVERSION = YES;
				CLANG_WARN_INT_CONVERSION = YES;
				CLANG_WARN_OBJC_ROOT_CLASS = YES_ERROR;
				CLANG_WARN_UNREACHABLE_CODE = YES;
				CLANG_WARN__DUPLICATE_METHOD_MATCH = YES;
				"CODE_SIGN_IDENTITY[sdk=iphoneos*]" = "iPhone Developer";
				COPY_PHASE_STRIP = NO;
				DEBUG_INFORMATION_FORMAT = "dwarf-with-dsym";
				ENABLE_NS_ASSERTIONS = NO;
				ENABLE_STRICT_OBJC_MSGSEND = YES;
				GCC_C_LANGUAGE_STANDARD = gnu99;
				GCC_NO_COMMON_BLOCKS = YES;
				GCC_WARN_64_TO_32_BIT_CONVERSION = YES;
				GCC_WARN_ABOUT_RETURN_TYPE = YES_ERROR;
				GCC_WARN_UNDECLARED_SELECTOR = YES;
				GCC_WARN_UNINITIALIZED_AUTOS = YES_AGGRESSIVE;
				GCC_WARN_UNUSED_FUNCTION = YES;
				GCC_WARN_UNUSED_VARIABLE = YES;
				IPHONEOS_DEPLOYMENT_TARGET = 9.3;
				MTL_ENABLE_DEBUG_INFO = NO;
				SDKROOT = iphoneos;
				TARGETED_DEVICE_FAMILY = "1,2";
				VALIDATE_PRODUCT = YES;
			};
			name = Release;
		};
		834D61E31D2DFFA600E864E5 /* Debug */ = {
			isa = XCBuildConfiguration;
			baseConfigurationReference = 969CC9B9BFE2A497C62AE21D /* Pods-ToolsClasses.debug.xcconfig */;
			buildSettings = {
				ASSETCATALOG_COMPILER_APPICON_NAME = AppIcon;
				INFOPLIST_FILE = ToolsClasses/Info.plist;
				LD_RUNPATH_SEARCH_PATHS = "$(inherited) @executable_path/Frameworks";
				PRODUCT_BUNDLE_IDENTIFIER = com.chendehao.ToolsClasses;
				PRODUCT_NAME = "$(TARGET_NAME)";
			};
			name = Debug;
		};
		834D61E41D2DFFA600E864E5 /* Release */ = {
			isa = XCBuildConfiguration;
			baseConfigurationReference = 164873D83F48200BA0C0E20F /* Pods-ToolsClasses.release.xcconfig */;
			buildSettings = {
				ASSETCATALOG_COMPILER_APPICON_NAME = AppIcon;
				INFOPLIST_FILE = ToolsClasses/Info.plist;
				LD_RUNPATH_SEARCH_PATHS = "$(inherited) @executable_path/Frameworks";
				PRODUCT_BUNDLE_IDENTIFIER = com.chendehao.ToolsClasses;
				PRODUCT_NAME = "$(TARGET_NAME)";
			};
			name = Release;
		};
/* End XCBuildConfiguration section */

/* Begin XCConfigurationList section */
		834D61C61D2DFFA500E864E5 /* Build configuration list for PBXProject "ToolsClasses" */ = {
			isa = XCConfigurationList;
			buildConfigurations = (
				834D61E01D2DFFA600E864E5 /* Debug */,
				834D61E11D2DFFA600E864E5 /* Release */,
			);
			defaultConfigurationIsVisible = 0;
			defaultConfigurationName = Release;
		};
		834D61E21D2DFFA600E864E5 /* Build configuration list for PBXNativeTarget "ToolsClasses" */ = {
			isa = XCConfigurationList;
			buildConfigurations = (
				834D61E31D2DFFA600E864E5 /* Debug */,
				834D61E41D2DFFA600E864E5 /* Release */,
			);
			defaultConfigurationIsVisible = 0;
			defaultConfigurationName = Release;
		};
/* End XCConfigurationList section */
	};
	rootObject = 834D61C31D2DFFA500E864E5 /* Project object */;
}
