// !$*UTF8*$!
{
	archiveVersion = 1;
	classes = {
	};
	objectVersion = 46;
	objects = {

/* Begin PBXBuildFile section */
		834D61D01D2DFFA500E864E5 /* main.m in Sources */ = {isa = PBXBuildFile; fileRef = 834D61CF1D2DFFA500E864E5 /* main.m */; };
		834D61D31D2DFFA600E864E5 /* AppDelegate.m in Sources */ = {isa = PBXBuildFile; fileRef = 834D61D21D2DFFA600E864E5 /* AppDelegate.m */; };
		834D61D61D2DFFA600E864E5 /* ViewController.m in Sources */ = {isa = PBXBuildFile; fileRef = 834D61D51D2DFFA600E864E5 /* ViewController.m */; };
		834D61D91D2DFFA600E864E5 /* Main.storyboard in Resources */ = {isa = PBXBuildFile; fileRef = 834D61D71D2DFFA600E864E5 /* Main.storyboard */; };
		834D61DB1D2DFFA600E864E5 /* Assets.xcassets in Resources */ = {isa = PBXBuildFile; fileRef = 834D61DA1D2DFFA600E864E5 /* Assets.xcassets */; };
		834D61DE1D2DFFA600E864E5 /* LaunchScreen.storyboard in Resources */ = {isa = PBXBuildFile; fileRef = 834D61DC1D2DFFA600E864E5 /* LaunchScreen.storyboard */; };
/* End PBXBuildFile section */

/* Begin PBXFileReference section */
		834D61CB1D2DFFA500E864E5 /* ToolsClasses.app */ = {isa = PBXFileReference; explicitFileType = wrapper.application; includeInIndex = 0; path = ToolsClasses.app; sourceTree = BUILT_PRODUCTS_DIR; };
		834D61CF1D2DFFA500E864E5 /* main.m */ = {isa = PBXFileReference; lastKnownFileType = sourcecode.c.objc; path = main.m; sourceTree = "<group>"; };
		834D61D11D2DFFA600E864E5 /* AppDelegate.h */ = {isa = PBXFileReference; lastKnownFileType = sourcecode.c.h; path = AppDelegate.h; sourceTree = "<group>"; };
		834D61D21D2DFFA600E864E5 /* AppDelegate.m */ = {isa = PBXFileReference; lastKnownFileType = sourcecode.c.objc; path = AppDelegate.m; sourceTree = "<group>"; };
		834D61D41D2DFFA600E864E5 /* ViewController.h */ = {isa = PBXFileReference; lastKnownFileType = sourcecode.c.h; path = ViewController.h; sourceTree = "<group>"; };
		834D61D51D2DFFA600E864E5 /* ViewController.m */ = {isa = PBXFileReference; lastKnownFileType = sourcecode.c.objc; path = ViewController.m; sourceTree = "<group>"; };
		834D61D81D2DFFA600E864E5 /* Base */ = {isa = PBXFileReference; lastKnownFileType = file.storyboard; name = Base; path = Base.lproj/Main.storyboard; sourceTree = "<group>"; };
		834D61DA1D2DFFA600E864E5 /* Assets.xcassets */ = {isa = PBXFileReference; lastKnownFileType = folder.assetcatalog; path = Assets.xcassets; sourceTree = "<group>"; };
		834D61DD1D2DFFA600E864E5 /* Base */ = {isa = PBXFileReference; lastKnownFileType = file.storyboard; name = Base; path = Base.lproj/LaunchScreen.storyboard; sourceTree = "<group>"; };
		834D61DF1D2DFFA600E864E5 /* Info.plist */ = {isa = PBXFileReference; lastKnownFileType = text.plist.xml; path = Info.plist; sourceTree = "<group>"; };
/* End PBXFileReference section */

/* Begin PBXFrameworksBuildPhase section */
		834D61C81D2DFFA500E864E5 /* Frameworks */ = {
			isa = PBXFrameworksBuildPhase;
			buildActionMask = 2147483647;
			files = (
			);
			runOnlyForDeploymentPostprocessing = 0;
		};
/* End PBXFrameworksBuildPhase section */

/* Begin PBXGroup section */
		834D61C21D2DFFA500E864E5 = {
			isa = PBXGroup;
			children = (
				834D61CD1D2DFFA500E864E5 /* ToolsClasses */,
				834D61CC1D2DFFA500E864E5 /* Products */,
			);
			sourceTree = "<group>";
		};
		834D61CC1D2DFFA500E864E5 /* Products */ = {
			isa = PBXGroup;
			children = (
				834D61CB1D2DFFA500E864E5 /* ToolsClasses.app */,
			);
			name = Products;
			sourceTree = "<group>";
		};
		834D61CD1D2DFFA500E864E5 /* ToolsClasses */ = {
			isa = PBXGroup;
			children = (
				834D61D11D2DFFA600E864E5 /* AppDelegate.h */,
				834D61D21D2DFFA600E864E5 /* AppDelegate.m */,
				834D61D41D2DFFA600E864E5 /* ViewController.h */,
				834D61D51D2DFFA600E864E5 /* ViewController.m */,
				834D61D71D2DFFA600E864E5 /* Main.storyboard */,
				834D61DA1D2DFFA600E864E5 /* Assets.xcassets */,
				834D61DC1D2DFFA600E864E5 /* LaunchScreen.storyboard */,
				834D61DF1D2DFFA600E864E5 /* Info.plist */,
				834D61CE1D2DFFA500E864E5 /* Supporting Files */,
			);
			path = ToolsClasses;
			sourceTree = "<group>";
		};
		834D61CE1D2DFFA500E864E5 /* Supporting Files */ = {
			isa = PBXGroup;
			children = (
				834D61CF1D2DFFA500E864E5 /* main.m */,
			);
			name = "Supporting Files";
			sourceTree = "<group>";
		};
/* End PBXGroup section */

/* Begin PBXNativeTarget section */
		834D61CA1D2DFFA500E864E5 /* ToolsClasses */ = {
			isa = PBXNativeTarget;
			buildConfigurationList = 834D61E21D2DFFA600E864E5 /* Build configuration list for PBXNativeTarget "ToolsClasses" */;
			buildPhases = (
				834D61C71D2DFFA500E864E5 /* Sources */,
				834D61C81D2DFFA500E864E5 /* Frameworks */,
				834D61C91D2DFFA500E864E5 /* Resources */,
			);
			buildRules = (
			);
			dependencies = (
			);
			name = ToolsClasses;
			productName = ToolsClasses;
			productReference = 834D61CB1D2DFFA500E864E5 /* ToolsClasses.app */;
			productType = "com.apple.product-type.application";
		};
/* End PBXNativeTarget section */

/* Begin PBXProject section */
		834D61C31D2DFFA500E864E5 /* Project object */ = {
			isa = PBXProject;
			attributes = {
				LastUpgradeCheck = 0730;
				ORGANIZATIONNAME = "陈德豪";
				TargetAttributes = {
					834D61CA1D2DFFA500E864E5 = {
						CreatedOnToolsVersion = 7.3;
					};
				};
			};
			buildConfigurationList = 834D61C61D2DFFA500E864E5 /* Build configuration list for PBXProject "ToolsClasses" */;
			compatibilityVersion = "Xcode 3.2";
			developmentRegion = English;
			hasScannedForEncodings = 0;
			knownRegions = (
				en,
				Base,
			);
			mainGroup = 834D61C21D2DFFA500E864E5;
			productRefGroup = 834D61CC1D2DFFA500E864E5 /* Products */;
			projectDirPath = "";
			projectRoot = "";
			targets = (
				834D61CA1D2DFFA500E864E5 /* ToolsClasses */,
			);
		};
/* End PBXProject section */

/* Begin PBXResourcesBuildPhase section */
		834D61C91D2DFFA500E864E5 /* Resources */ = {
			isa = PBXResourcesBuildPhase;
			buildActionMask = 2147483647;
			files = (
				834D61DE1D2DFFA600E864E5 /* LaunchScreen.storyboard in Resources */,
				834D61DB1D2DFFA600E864E5 /* Assets.xcassets in Resources */,
				834D61D91D2DFFA600E864E5 /* Main.storyboard in Resources */,
			);
			runOnlyForDeploymentPostprocessing = 0;
		};
/* End PBXResourcesBuildPhase section */

/* Begin PBXSourcesBuildPhase section */
		834D61C71D2DFFA500E864E5 /* Sources */ = {
			isa = PBXSourcesBuildPhase;
			buildActionMask = 2147483647;
			files = (
				834D61D61D2DFFA600E864E5 /* ViewController.m in Sources */,
				834D61D31D2DFFA600E864E5 /* AppDelegate.m in Sources */,
				834D61D01D2DFFA500E864E5 /* main.m in Sources */,
			);
			runOnlyForDeploymentPostprocessing = 0;
		};
/* End PBXSourcesBuildPhase section */

/* Begin PBXVariantGroup section */
		834D61D71D2DFFA600E864E5 /* Main.storyboard */ = {
			isa = PBXVariantGroup;
			children = (
				834D61D81D2DFFA600E864E5 /* Base */,
			);
			name = Main.storyboard;
			sourceTree = "<group>";
		};
		834D61DC1D2DFFA600E864E5 /* LaunchScreen.storyboard */ = {
			isa = PBXVariantGroup;
			children = (
				834D61DD1D2DFFA600E864E5 /* Base */,
			);
			name = LaunchScreen.storyboard;
			sourceTree = "<group>";
		};
/* End PBXVariantGroup section */

/* Begin XCBuildConfiguration section */
		834D61E01D2DFFA600E864E5 /* Debug */ = {
			isa = XCBuildConfiguration;
			buildSettings = {
				ALWAYS_SEARCH_USER_PATHS = NO;
				CLANG_ANALYZER_NONNULL = YES;
				CLANG_CXX_LANGUAGE_STANDARD = "gnu++0x";
				CLANG_CXX_LIBRARY = "libc++";
				CLANG_ENABLE_MODULES = YES;
				CLANG_ENABLE_OBJC_ARC = YES;
				CLANG_WARN_BOOL_CONVERSION = YES;
				CLANG_WARN_CONSTANT_CONVERSION = YES;
				CLANG_WARN_DIRECT_OBJC_ISA_USAGE = YES_ERROR;
				CLANG_WARN_EMPTY_BODY = YES;
				CLANG_WARN_ENUM_CONVERSION = YES;
				CLANG_WARN_INT_CONVERSION = YES;
				CLANG_WARN_OBJC_ROOT_CLASS = YES_ERROR;
				CLANG_WARN_UNREACHABLE_CODE = YES;
				CLANG_WARN__DUPLICATE_METHOD_MATCH = YES;
				"CODE_SIGN_IDENTITY[sdk=iphoneos*]" = "iPhone Developer";
				COPY_PHASE_STRIP = NO;
				DEBUG_INFORMATION_FORMAT = dwarf;
				ENABLE_STRICT_OBJC_MSGSEND = YES;
				ENABLE_TESTABILITY = YES;
				GCC_C_LANGUAGE_STANDARD = gnu99;
				GCC_DYNAMIC_NO_PIC = NO;
				GCC_NO_COMMON_BLOCKS = YES;
				GCC_OPTIMIZATION_LEVEL = 0;
				GCC_PREPROCESSOR_DEFINITIONS = (
					"DEBUG=1",
					"$(inherited)",
				);
				GCC_WARN_64_TO_32_BIT_CONVERSION = YES;
				GCC_WARN_ABOUT_RETURN_TYPE = YES_ERROR;
				GCC_WARN_UNDECLARED_SELECTOR = YES;
				GCC_WARN_UNINITIALIZED_AUTOS = YES_AGGRESSIVE;
				GCC_WARN_UNUSED_FUNCTION = YES;
				GCC_WARN_UNUSED_VARIABLE = YES;
				IPHONEOS_DEPLOYMENT_TARGET = 9.3;
				MTL_ENABLE_DEBUG_INFO = YES;
				ONLY_ACTIVE_ARCH = YES;
				SDKROOT = iphoneos;
				TARGETED_DEVICE_FAMILY = "1,2";
			};
			name = Debug;
		};
		834D61E11D2DFFA600E864E5 /* Release */ = {
			isa = XCBuildConfiguration;
			buildSettings = {
				ALWAYS_SEARCH_USER_PATHS = NO;
				CLANG_ANALYZER_NONNULL = YES;
				CLANG_CXX_LANGUAGE_STANDARD = "gnu++0x";
				CLANG_CXX_LIBRARY = "libc++";
				CLANG_ENABLE_MODULES = YES;
				CLANG_ENABLE_OBJC_ARC = YES;
				CLANG_WARN_BOOL_CONVERSION = YES;
				CLANG_WARN_CONSTANT_CONVERSION = YES;
				CLANG_WARN_DIRECT_OBJC_ISA_USAGE = YES_ERROR;
				CLANG_WARN_EMPTY_BODY = YES;
				CLANG_WARN_ENUM_CONVERSION = YES;
				CLANG_WARN_INT_CONVERSION = YES;
				CLANG_WARN_OBJC_ROOT_CLASS = YES_ERROR;
				CLANG_WARN_UNREACHABLE_CODE = YES;
				CLANG_WARN__DUPLICATE_METHOD_MATCH = YES;
				"CODE_SIGN_IDENTITY[sdk=iphoneos*]" = "iPhone Developer";
				COPY_PHASE_STRIP = NO;
				DEBUG_INFORMATION_FORMAT = "dwarf-with-dsym";
				ENABLE_NS_ASSERTIONS = NO;
				ENABLE_STRICT_OBJC_MSGSEND = YES;
				GCC_C_LANGUAGE_STANDARD = gnu99;
				GCC_NO_COMMON_BLOCKS = YES;
				GCC_WARN_64_TO_32_BIT_CONVERSION = YES;
				GCC_WARN_ABOUT_RETURN_TYPE = YES_ERROR;
				GCC_WARN_UNDECLARED_SELECTOR = YES;
				GCC_WARN_UNINITIALIZED_AUTOS = YES_AGGRESSIVE;
				GCC_WARN_UNUSED_FUNCTION = YES;
				GCC_WARN_UNUSED_VARIABLE = YES;
				IPHONEOS_DEPLOYMENT_TARGET = 9.3;
				MTL_ENABLE_DEBUG_INFO = NO;
				SDKROOT = iphoneos;
				TARGETED_DEVICE_FAMILY = "1,2";
				VALIDATE_PRODUCT = YES;
			};
			name = Release;
		};
		834D61E31D2DFFA600E864E5 /* Debug */ = {
			isa = XCBuildConfiguration;
			buildSettings = {
				ASSETCATALOG_COMPILER_APPICON_NAME = AppIcon;
				INFOPLIST_FILE = ToolsClasses/Info.plist;
				LD_RUNPATH_SEARCH_PATHS = "$(inherited) @executable_path/Frameworks";
				PRODUCT_BUNDLE_IDENTIFIER = com.chendehao.ToolsClasses;
				PRODUCT_NAME = "$(TARGET_NAME)";
			};
			name = Debug;
		};
		834D61E41D2DFFA600E864E5 /* Release */ = {
			isa = XCBuildConfiguration;
			buildSettings = {
				ASSETCATALOG_COMPILER_APPICON_NAME = AppIcon;
				INFOPLIST_FILE = ToolsClasses/Info.plist;
				LD_RUNPATH_SEARCH_PATHS = "$(inherited) @executable_path/Frameworks";
				PRODUCT_BUNDLE_IDENTIFIER = com.chendehao.ToolsClasses;
				PRODUCT_NAME = "$(TARGET_NAME)";
			};
			name = Release;
		};
/* End XCBuildConfiguration section */

/* Begin XCConfigurationList section */
		834D61C61D2DFFA500E864E5 /* Build configuration list for PBXProject "ToolsClasses" */ = {
			isa = XCConfigurationList;
			buildConfigurations = (
				834D61E01D2DFFA600E864E5 /* Debug */,
				834D61E11D2DFFA600E864E5 /* Release */,
			);
			defaultConfigurationIsVisible = 0;
			defaultConfigurationName = Release;
		};
		834D61E21D2DFFA600E864E5 /* Build configuration list for PBXNativeTarget "ToolsClasses" */ = {
			isa = XCConfigurationList;
			buildConfigurations = (
				834D61E31D2DFFA600E864E5 /* Debug */,
				834D61E41D2DFFA600E864E5 /* Release */,
			);
			defaultConfigurationIsVisible = 0;
		};
/* End XCConfigurationList section */
	};
	rootObject = 834D61C31D2DFFA500E864E5 /* Project object */;
}
